{
  "nodes": {
    "meta-press-src": {
      "flake": false,
      "locked": {
        "lastModified": 1628637807,
        "narHash": "sha256-3OlGMvZaQLKnlszP/T4YPCigN4PzwnGO/zpsmkzPfq4=",
        "ref": "master",
        "rev": "d994d3cd1215606376c38a5b5f50cb861819488d",
        "revCount": 420,
        "submodules": true,
        "type": "git",
        "url": "https://framagit.org/Siltaar/meta-press-ext"
      },
      "original": {
        "submodules": true,
        "type": "git",
        "url": "https://framagit.org/Siltaar/meta-press-ext"
      }
    },
    "nixpkgs": {
      "locked": {
        "lastModified": 1622516815,
        "narHash": "sha256-ZjBd81a6J3TwtlBr3rHsZspYUwT9OdhDk+a/SgSEf7I=",
        "owner": "NixOS",
        "repo": "nixpkgs",
        "rev": "7e9b0dff974c89e070da1ad85713ff3c20b0ca97",
        "type": "github"
      },
      "original": {
        "id": "nixpkgs",
        "ref": "21.05",
        "type": "indirect"
      }
    },
    "root": {
      "inputs": {
        "meta-press-src": "meta-press-src",
        "nixpkgs": "nixpkgs"
      }
    }
  },
  "root": "root",
  "version": 7
}
